
Microsoft Visual Studio Solution File, Format Version 12.00
# Visual Studio 15
VisualStudioVersion = 15.0.28307.489
MinimumVisualStudioVersion = 10.0.40219.1
Project("{2150E333-8FDC-42A3-9474-1A3956D46DE8}") = "src", "src", "{95938271-26C8-40D1-A2F4-0DB3809C9DE6}"
EndProject
Project("{FAE04EC0-301F-11D3-BF4B-00C04F79EFBC}") = "WebServer", "src\WebServer\WebServer.csproj", "{D7037612-A5DC-4548-AC29-812733D1E52A}"
EndProject
Project("{FAE04EC0-301F-11D3-BF4B-00C04F79EFBC}") = "DanMuJie.UI", "src\DanMuJie.UI\DanMuJie.UI.csproj", "{1F09EF0F-45B4-4970-B331-DCA3A607C8DF}"
EndProject
Global
	GlobalSection(SolutionConfigurationPlatforms) = preSolution
		Debug|Any CPU = Debug|Any CPU
		Debug|x64 = Debug|x64
		Release|Any CPU = Release|Any CPU
		Release|x64 = Release|x64
	EndGlobalSection
	GlobalSection(ProjectConfigurationPlatforms) = postSolution
		{D7037612-A5DC-4548-AC29-812733D1E52A}.Debug|Any CPU.ActiveCfg = Debug|Any CPU
		{D7037612-A5DC-4548-AC29-812733D1E52A}.Debug|Any CPU.Build.0 = Debug|Any CPU
		{D7037612-A5DC-4548-AC29-812733D1E52A}.Debug|x64.ActiveCfg = Debug|Any CPU
		{D7037612-A5DC-4548-AC29-812733D1E52A}.Debug|x64.Build.0 = Debug|Any CPU
		{D7037612-A5DC-4548-AC29-812733D1E52A}.Release|Any CPU.ActiveCfg = Release|Any CPU
		{D7037612-A5DC-4548-AC29-812733D1E52A}.Release|Any CPU.Build.0 = Release|Any CPU
		{D7037612-A5DC-4548-AC29-812733D1E52A}.Release|x64.ActiveCfg = Release|Any CPU
		{D7037612-A5DC-4548-AC29-812733D1E52A}.Release|x64.Build.0 = Release|Any CPU
		{1F09EF0F-45B4-4970-B331-DCA3A607C8DF}.Debug|Any CPU.ActiveCfg = Debug|Any CPU
		{1F09EF0F-45B4-4970-B331-DCA3A607C8DF}.Debug|Any CPU.Build.0 = Debug|Any CPU
		{1F09EF0F-45B4-4970-B331-DCA3A607C8DF}.Debug|x64.ActiveCfg = Debug|Any CPU
		{1F09EF0F-45B4-4970-B331-DCA3A607C8DF}.Debug|x64.Build.0 = Debug|Any CPU
		{1F09EF0F-45B4-4970-B331-DCA3A607C8DF}.Release|Any CPU.ActiveCfg = Release|Any CPU
		{1F09EF0F-45B4-4970-B331-DCA3A607C8DF}.Release|Any CPU.Build.0 = Release|Any CPU
		{1F09EF0F-45B4-4970-B331-DCA3A607C8DF}.Release|x64.ActiveCfg = Release|Any CPU
		{1F09EF0F-45B4-4970-B331-DCA3A607C8DF}.Release|x64.Build.0 = Release|Any CPU
	EndGlobalSection
	GlobalSection(SolutionProperties) = preSolution
		HideSolutionNode = FALSE
	EndGlobalSection
	GlobalSection(NestedProjects) = preSolution
		{D7037612-A5DC-4548-AC29-812733D1E52A} = {95938271-26C8-40D1-A2F4-0DB3809C9DE6}
		{1F09EF0F-45B4-4970-B331-DCA3A607C8DF} = {95938271-26C8-40D1-A2F4-0DB3809C9DE6}
	EndGlobalSection
	GlobalSection(ExtensibilityGlobals) = postSolution
		SolutionGuid = {DC49E646-2242-4860-A614-900674978051}
	EndGlobalSection
EndGlobal
